
Microsoft Visual Studio Solution File, Format Version 12.00
# Visual Studio 2013
VisualStudioVersion = 12.0.40629.0
MinimumVisualStudioVersion = 10.0.40219.1
Project("{2150E333-8FDC-42A3-9474-1A3956D46DE8}") = "BackEnd", "BackEnd", "{CD4F6C43-2815-4D0B-8BD3-6903BDB991EF}"
EndProject
Project("{2150E333-8FDC-42A3-9474-1A3956D46DE8}") = "DTO", "DTO", "{CA5A56DC-0395-4BA8-AB97-CD452D68C829}"
EndProject
Project("{FAE04EC0-301F-11D3-BF4B-00C04F79EFBC}") = "DtoLib", "DtoLib\DtoLib.csproj", "{ADF1EED5-1230-4845-8C5B-F2E8DBF56150}"
EndProject
Project("{FAE04EC0-301F-11D3-BF4B-00C04F79EFBC}") = "DtoLibCompra", "DtoLibCompra\DtoLibCompra.csproj", "{D6B6B541-8B13-44BF-85AF-1F38192D2535}"
EndProject
Project("{2150E333-8FDC-42A3-9474-1A3956D46DE8}") = "IProvider", "IProvider", "{38C11E34-563C-4F92-8B3B-52512153157B}"
EndProject
Project("{2150E333-8FDC-42A3-9474-1A3956D46DE8}") = "Compras", "Compras", "{55E16AE5-401B-4CC1-8D72-286215E5F0A3}"
EndProject
Project("{FAE04EC0-301F-11D3-BF4B-00C04F79EFBC}") = "ILibCompras", "ILibCompras\ILibCompras.csproj", "{31D46C9E-8A52-4013-9DEC-FBA5D2FA4A71}"
EndProject
Project("{2150E333-8FDC-42A3-9474-1A3956D46DE8}") = "Provider", "Provider", "{E24F23D1-C6A5-4447-993F-E5EAF03F919E}"
EndProject
Project("{FAE04EC0-301F-11D3-BF4B-00C04F79EFBC}") = "ProvLibCompra", "ProvLibCompra\ProvLibCompra.csproj", "{02F5ACE3-89CC-4043-8FAA-11E27BC96225}"
EndProject
Project("{2150E333-8FDC-42A3-9474-1A3956D46DE8}") = "Entitys", "Entitys", "{591FD8E6-EF06-4F92-BE04-011FA75BC9A3}"
EndProject
Project("{FAE04EC0-301F-11D3-BF4B-00C04F79EFBC}") = "LibEntityCompra", "LibEntityCompra\LibEntityCompra.csproj", "{B9E37DE8-1814-45AE-BF33-6A6DB53976CF}"
EndProject
Project("{2150E333-8FDC-42A3-9474-1A3956D46DE8}") = "Service", "Service", "{8EBF51B3-D38A-444B-AFED-0F1400F2A103}"
EndProject
Project("{FAE04EC0-301F-11D3-BF4B-00C04F79EFBC}") = "ServiceCompra", "ServiceCompra\ServiceCompra.csproj", "{E982D1FE-C488-4F07-B03B-76F05EFAD8BF}"
EndProject
Project("{FAE04EC0-301F-11D3-BF4B-00C04F79EFBC}") = "OOB", "OOB\OOB.csproj", "{7B9ABA05-D038-4B4A-AD27-43CE4CF249CB}"
EndProject
Project("{FAE04EC0-301F-11D3-BF4B-00C04F79EFBC}") = "DataProvCompra", "DataProvCompra\DataProvCompra.csproj", "{C3FAE0CD-8BB4-49D5-A188-FC5E8B615F40}"
EndProject
Project("{FAE04EC0-301F-11D3-BF4B-00C04F79EFBC}") = "LibControles", "LibControles\LibControles.csproj", "{79054973-3DC4-4821-B6C2-3922BE86E429}"
EndProject
Project("{FAE04EC0-301F-11D3-BF4B-00C04F79EFBC}") = "ModCompra", "ModCompra\ModCompra.csproj", "{7708B1BA-3F1A-479B-BB81-D162B00237DA}"
EndProject
Project("{FAE04EC0-301F-11D3-BF4B-00C04F79EFBC}") = "ConsoleTest", "ConsoleTest\ConsoleTest.csproj", "{021E0991-4F64-4EF8-8C89-9B155EADF92D}"
EndProject
Global
	GlobalSection(SolutionConfigurationPlatforms) = preSolution
		Debug|Any CPU = Debug|Any CPU
		Release|Any CPU = Release|Any CPU
	EndGlobalSection
	GlobalSection(ProjectConfigurationPlatforms) = postSolution
		{ADF1EED5-1230-4845-8C5B-F2E8DBF56150}.Debug|Any CPU.ActiveCfg = Debug|Any CPU
		{ADF1EED5-1230-4845-8C5B-F2E8DBF56150}.Debug|Any CPU.Build.0 = Debug|Any CPU
		{ADF1EED5-1230-4845-8C5B-F2E8DBF56150}.Release|Any CPU.ActiveCfg = Release|Any CPU
		{ADF1EED5-1230-4845-8C5B-F2E8DBF56150}.Release|Any CPU.Build.0 = Release|Any CPU
		{D6B6B541-8B13-44BF-85AF-1F38192D2535}.Debug|Any CPU.ActiveCfg = Debug|Any CPU
		{D6B6B541-8B13-44BF-85AF-1F38192D2535}.Debug|Any CPU.Build.0 = Debug|Any CPU
		{D6B6B541-8B13-44BF-85AF-1F38192D2535}.Release|Any CPU.ActiveCfg = Release|Any CPU
		{D6B6B541-8B13-44BF-85AF-1F38192D2535}.Release|Any CPU.Build.0 = Release|Any CPU
		{31D46C9E-8A52-4013-9DEC-FBA5D2FA4A71}.Debug|Any CPU.ActiveCfg = Debug|Any CPU
		{31D46C9E-8A52-4013-9DEC-FBA5D2FA4A71}.Debug|Any CPU.Build.0 = Debug|Any CPU
		{31D46C9E-8A52-4013-9DEC-FBA5D2FA4A71}.Release|Any CPU.ActiveCfg = Release|Any CPU
		{31D46C9E-8A52-4013-9DEC-FBA5D2FA4A71}.Release|Any CPU.Build.0 = Release|Any CPU
		{02F5ACE3-89CC-4043-8FAA-11E27BC96225}.Debug|Any CPU.ActiveCfg = Debug|Any CPU
		{02F5ACE3-89CC-4043-8FAA-11E27BC96225}.Debug|Any CPU.Build.0 = Debug|Any CPU
		{02F5ACE3-89CC-4043-8FAA-11E27BC96225}.Release|Any CPU.ActiveCfg = Release|Any CPU
		{02F5ACE3-89CC-4043-8FAA-11E27BC96225}.Release|Any CPU.Build.0 = Release|Any CPU
		{B9E37DE8-1814-45AE-BF33-6A6DB53976CF}.Debug|Any CPU.ActiveCfg = Debug|Any CPU
		{B9E37DE8-1814-45AE-BF33-6A6DB53976CF}.Debug|Any CPU.Build.0 = Debug|Any CPU
		{B9E37DE8-1814-45AE-BF33-6A6DB53976CF}.Release|Any CPU.ActiveCfg = Release|Any CPU
		{B9E37DE8-1814-45AE-BF33-6A6DB53976CF}.Release|Any CPU.Build.0 = Release|Any CPU
		{E982D1FE-C488-4F07-B03B-76F05EFAD8BF}.Debug|Any CPU.ActiveCfg = Debug|Any CPU
		{E982D1FE-C488-4F07-B03B-76F05EFAD8BF}.Debug|Any CPU.Build.0 = Debug|Any CPU
		{E982D1FE-C488-4F07-B03B-76F05EFAD8BF}.Release|Any CPU.ActiveCfg = Release|Any CPU
		{E982D1FE-C488-4F07-B03B-76F05EFAD8BF}.Release|Any CPU.Build.0 = Release|Any CPU
		{7B9ABA05-D038-4B4A-AD27-43CE4CF249CB}.Debug|Any CPU.ActiveCfg = Debug|Any CPU
		{7B9ABA05-D038-4B4A-AD27-43CE4CF249CB}.Debug|Any CPU.Build.0 = Debug|Any CPU
		{7B9ABA05-D038-4B4A-AD27-43CE4CF249CB}.Release|Any CPU.ActiveCfg = Release|Any CPU
		{7B9ABA05-D038-4B4A-AD27-43CE4CF249CB}.Release|Any CPU.Build.0 = Release|Any CPU
		{C3FAE0CD-8BB4-49D5-A188-FC5E8B615F40}.Debug|Any CPU.ActiveCfg = Debug|Any CPU
		{C3FAE0CD-8BB4-49D5-A188-FC5E8B615F40}.Debug|Any CPU.Build.0 = Debug|Any CPU
		{C3FAE0CD-8BB4-49D5-A188-FC5E8B615F40}.Release|Any CPU.ActiveCfg = Release|Any CPU
		{C3FAE0CD-8BB4-49D5-A188-FC5E8B615F40}.Release|Any CPU.Build.0 = Release|Any CPU
		{79054973-3DC4-4821-B6C2-3922BE86E429}.Debug|Any CPU.ActiveCfg = Debug|Any CPU
		{79054973-3DC4-4821-B6C2-3922BE86E429}.Debug|Any CPU.Build.0 = Debug|Any CPU
		{79054973-3DC4-4821-B6C2-3922BE86E429}.Release|Any CPU.ActiveCfg = Release|Any CPU
		{79054973-3DC4-4821-B6C2-3922BE86E429}.Release|Any CPU.Build.0 = Release|Any CPU
		{7708B1BA-3F1A-479B-BB81-D162B00237DA}.Debug|Any CPU.ActiveCfg = Debug|Any CPU
		{7708B1BA-3F1A-479B-BB81-D162B00237DA}.Debug|Any CPU.Build.0 = Debug|Any CPU
		{7708B1BA-3F1A-479B-BB81-D162B00237DA}.Release|Any CPU.ActiveCfg = Release|Any CPU
		{7708B1BA-3F1A-479B-BB81-D162B00237DA}.Release|Any CPU.Build.0 = Release|Any CPU
		{021E0991-4F64-4EF8-8C89-9B155EADF92D}.Debug|Any CPU.ActiveCfg = Debug|Any CPU
		{021E0991-4F64-4EF8-8C89-9B155EADF92D}.Debug|Any CPU.Build.0 = Debug|Any CPU
		{021E0991-4F64-4EF8-8C89-9B155EADF92D}.Release|Any CPU.ActiveCfg = Release|Any CPU
		{021E0991-4F64-4EF8-8C89-9B155EADF92D}.Release|Any CPU.Build.0 = Release|Any CPU
	EndGlobalSection
	GlobalSection(SolutionProperties) = preSolution
		HideSolutionNode = FALSE
	EndGlobalSection
	GlobalSection(NestedProjects) = preSolution
		{CA5A56DC-0395-4BA8-AB97-CD452D68C829} = {CD4F6C43-2815-4D0B-8BD3-6903BDB991EF}
		{ADF1EED5-1230-4845-8C5B-F2E8DBF56150} = {CA5A56DC-0395-4BA8-AB97-CD452D68C829}
		{D6B6B541-8B13-44BF-85AF-1F38192D2535} = {CA5A56DC-0395-4BA8-AB97-CD452D68C829}
		{38C11E34-563C-4F92-8B3B-52512153157B} = {CD4F6C43-2815-4D0B-8BD3-6903BDB991EF}
		{55E16AE5-401B-4CC1-8D72-286215E5F0A3} = {38C11E34-563C-4F92-8B3B-52512153157B}
		{31D46C9E-8A52-4013-9DEC-FBA5D2FA4A71} = {55E16AE5-401B-4CC1-8D72-286215E5F0A3}
		{E24F23D1-C6A5-4447-993F-E5EAF03F919E} = {CD4F6C43-2815-4D0B-8BD3-6903BDB991EF}
		{02F5ACE3-89CC-4043-8FAA-11E27BC96225} = {E24F23D1-C6A5-4447-993F-E5EAF03F919E}
		{591FD8E6-EF06-4F92-BE04-011FA75BC9A3} = {CD4F6C43-2815-4D0B-8BD3-6903BDB991EF}
		{B9E37DE8-1814-45AE-BF33-6A6DB53976CF} = {591FD8E6-EF06-4F92-BE04-011FA75BC9A3}
		{E982D1FE-C488-4F07-B03B-76F05EFAD8BF} = {8EBF51B3-D38A-444B-AFED-0F1400F2A103}
		{021E0991-4F64-4EF8-8C89-9B155EADF92D} = {CD4F6C43-2815-4D0B-8BD3-6903BDB991EF}
	EndGlobalSection
EndGlobal
